
Microsoft Visual Studio Solution File, Format Version 12.00
# Visual Studio Version 17
VisualStudioVersion = 17.11.35327.3
MinimumVisualStudioVersion = 10.0.40219.1
Project("{FAE04EC0-301F-11D3-BF4B-00C04F79EFBC}") = "Polyglot.Lib", "Polyglot.Lib\Polyglot.Lib.csproj", "{3F1820D2-0A8C-452E-BD40-8ACD4AC7B4B1}"
EndProject
Global
	GlobalSection(SolutionConfigurationPlatforms) = preSolution
		Debug|Any CPU = Debug|Any CPU
		Release|Any CPU = Release|Any CPU
	EndGlobalSection
	GlobalSection(ProjectConfigurationPlatforms) = postSolution
		{3F1820D2-0A8C-452E-BD40-8ACD4AC7B4B1}.Debug|Any CPU.ActiveCfg = Debug|Any CPU
		{3F1820D2-0A8C-452E-BD40-8ACD4AC7B4B1}.Debug|Any CPU.Build.0 = Debug|Any CPU
		{3F1820D2-0A8C-452E-BD40-8ACD4AC7B4B1}.Release|Any CPU.ActiveCfg = Release|Any CPU
		{3F1820D2-0A8C-452E-BD40-8ACD4AC7B4B1}.Release|Any CPU.Build.0 = Release|Any CPU
	EndGlobalSection
	GlobalSection(SolutionProperties) = preSolution
		HideSolutionNode = FALSE
	EndGlobalSection
	GlobalSection(ExtensibilityGlobals) = postSolution
		SolutionGuid = {B931D0D1-F967-4CB0-93E2-BE389775C209}
	EndGlobalSection
EndGlobal
